
Microsoft Visual Studio Solution File, Format Version 12.00
# Visual Studio Version 17
VisualStudioVersion = 17.9.34728.123
MinimumVisualStudioVersion = 10.0.40219.1
Project("{FAE04EC0-301F-11D3-BF4B-00C04F79EFBC}") = "MOLCustom.CompositionApi.Server.Plugin", "MOLCustom.CompositionApi.Server.Plugin.csproj", "{3D28A1DD-D03C-40E0-9672-A6CE25E5541E}"
EndProject
Global
	GlobalSection(SolutionConfigurationPlatforms) = preSolution
		Debug|Any CPU = Debug|Any CPU
		Release|Any CPU = Release|Any CPU
	EndGlobalSection
	GlobalSection(ProjectConfigurationPlatforms) = postSolution
		{3D28A1DD-D03C-40E0-9672-A6CE25E5541E}.Debug|Any CPU.ActiveCfg = Debug|Any CPU
		{3D28A1DD-D03C-40E0-9672-A6CE25E5541E}.Debug|Any CPU.Build.0 = Debug|Any CPU
		{3D28A1DD-D03C-40E0-9672-A6CE25E5541E}.Release|Any CPU.ActiveCfg = Release|Any CPU
		{3D28A1DD-D03C-40E0-9672-A6CE25E5541E}.Release|Any CPU.Build.0 = Release|Any CPU
	EndGlobalSection
	GlobalSection(SolutionProperties) = preSolution
		HideSolutionNode = FALSE
	EndGlobalSection
	GlobalSection(ExtensibilityGlobals) = postSolution
		SolutionGuid = {BE004AF1-14DE-4A15-83F6-5CD7A55AE251}
	EndGlobalSection
EndGlobal
